// !$*UTF8*$!
{
	archiveVersion = 1;
	classes = {
	};
	objectVersion = 52;
	objects = {

/* Begin PBXBuildFile section */
		A45635C625D169F80056FC11 /* AppDelegate.swift in Sources */ = {isa = PBXBuildFile; fileRef = A45635C525D169F80056FC11 /* AppDelegate.swift */; };
		A45635C825D169F80056FC11 /* SceneDelegate.swift in Sources */ = {isa = PBXBuildFile; fileRef = A45635C725D169F80056FC11 /* SceneDelegate.swift */; };
		A45635CA25D169F80056FC11 /* ContentView.swift in Sources */ = {isa = PBXBuildFile; fileRef = A45635C925D169F80056FC11 /* ContentView.swift */; };
		A45635CC25D169FB0056FC11 /* Assets.xcassets in Resources */ = {isa = PBXBuildFile; fileRef = A45635CB25D169FB0056FC11 /* Assets.xcassets */; };
		A45635CF25D169FB0056FC11 /* Preview Assets.xcassets in Resources */ = {isa = PBXBuildFile; fileRef = A45635CE25D169FB0056FC11 /* Preview Assets.xcassets */; };
		A45635D225D169FB0056FC11 /* LaunchScreen.storyboard in Resources */ = {isa = PBXBuildFile; fileRef = A45635D025D169FB0056FC11 /* LaunchScreen.storyboard */; };
		A45635DE25D16A280056FC11 /* CapsuleShape.swift in Sources */ = {isa = PBXBuildFile; fileRef = A45635DB25D16A270056FC11 /* CapsuleShape.swift */; };
		A45635DF25D16A280056FC11 /* Default.swift in Sources */ = {isa = PBXBuildFile; fileRef = A45635DC25D16A270056FC11 /* Default.swift */; };
		A45635E025D16A280056FC11 /* RoundedRect.swift in Sources */ = {isa = PBXBuildFile; fileRef = A45635DD25D16A280056FC11 /* RoundedRect.swift */; };
		A45635E825D16A940056FC11 /* Unlocker in Frameworks */ = {isa = PBXBuildFile; productRef = A45635E725D16A940056FC11 /* Unlocker */; };
/* End PBXBuildFile section */

/* Begin PBXFileReference section */
		A45635C225D169F80056FC11 /* Examples.app */ = {isa = PBXFileReference; explicitFileType = wrapper.application; includeInIndex = 0; path = Examples.app; sourceTree = BUILT_PRODUCTS_DIR; };
		A45635C525D169F80056FC11 /* AppDelegate.swift */ = {isa = PBXFileReference; lastKnownFileType = sourcecode.swift; path = AppDelegate.swift; sourceTree = "<group>"; };
		A45635C725D169F80056FC11 /* SceneDelegate.swift */ = {isa = PBXFileReference; lastKnownFileType = sourcecode.swift; path = SceneDelegate.swift; sourceTree = "<group>"; };
		A45635C925D169F80056FC11 /* ContentView.swift */ = {isa = PBXFileReference; lastKnownFileType = sourcecode.swift; path = ContentView.swift; sourceTree = "<group>"; };
		A45635CB25D169FB0056FC11 /* Assets.xcassets */ = {isa = PBXFileReference; lastKnownFileType = folder.assetcatalog; path = Assets.xcassets; sourceTree = "<group>"; };
		A45635CE25D169FB0056FC11 /* Preview Assets.xcassets */ = {isa = PBXFileReference; lastKnownFileType = folder.assetcatalog; path = "Preview Assets.xcassets"; sourceTree = "<group>"; };
		A45635D125D169FB0056FC11 /* Base */ = {isa = PBXFileReference; lastKnownFileType = file.storyboard; name = Base; path = Base.lproj/LaunchScreen.storyboard; sourceTree = "<group>"; };
		A45635D325D169FB0056FC11 /* Info.plist */ = {isa = PBXFileReference; lastKnownFileType = text.plist.xml; path = Info.plist; sourceTree = "<group>"; };
		A45635DB25D16A270056FC11 /* CapsuleShape.swift */ = {isa = PBXFileReference; fileEncoding = 4; lastKnownFileType = sourcecode.swift; path = CapsuleShape.swift; sourceTree = "<group>"; };
		A45635DC25D16A270056FC11 /* Default.swift */ = {isa = PBXFileReference; fileEncoding = 4; lastKnownFileType = sourcecode.swift; path = Default.swift; sourceTree = "<group>"; };
		A45635DD25D16A280056FC11 /* RoundedRect.swift */ = {isa = PBXFileReference; fileEncoding = 4; lastKnownFileType = sourcecode.swift; path = RoundedRect.swift; sourceTree = "<group>"; };
		A45635EC25D16AF20056FC11 /* Unlocker */ = {isa = PBXFileReference; lastKnownFileType = folder; name = Unlocker; path = ../..; sourceTree = "<group>"; };
/* End PBXFileReference section */

/* Begin PBXFrameworksBuildPhase section */
		A45635BF25D169F80056FC11 /* Frameworks */ = {
			isa = PBXFrameworksBuildPhase;
			buildActionMask = 2147483647;
			files = (
				A45635E825D16A940056FC11 /* Unlocker in Frameworks */,
			);
			runOnlyForDeploymentPostprocessing = 0;
		};
/* End PBXFrameworksBuildPhase section */

/* Begin PBXGroup section */
		A45635B925D169F80056FC11 = {
			isa = PBXGroup;
			children = (
				A45635C425D169F80056FC11 /* Examples */,
				A45635C325D169F80056FC11 /* Products */,
				A45635E625D16A940056FC11 /* Frameworks */,
			);
			sourceTree = "<group>";
		};
		A45635C325D169F80056FC11 /* Products */ = {
			isa = PBXGroup;
			children = (
				A45635C225D169F80056FC11 /* Examples.app */,
			);
			name = Products;
			sourceTree = "<group>";
		};
		A45635C425D169F80056FC11 /* Examples */ = {
			isa = PBXGroup;
			children = (
				A45635C525D169F80056FC11 /* AppDelegate.swift */,
				A45635C725D169F80056FC11 /* SceneDelegate.swift */,
				A45635C925D169F80056FC11 /* ContentView.swift */,
				A45635DB25D16A270056FC11 /* CapsuleShape.swift */,
				A45635DC25D16A270056FC11 /* Default.swift */,
				A45635DD25D16A280056FC11 /* RoundedRect.swift */,
				A45635CB25D169FB0056FC11 /* Assets.xcassets */,
				A45635D025D169FB0056FC11 /* LaunchScreen.storyboard */,
				A45635D325D169FB0056FC11 /* Info.plist */,
				A45635EC25D16AF20056FC11 /* Unlocker */,
				A45635CD25D169FB0056FC11 /* Preview Content */,
			);
			path = Examples;
			sourceTree = "<group>";
		};
		A45635CD25D169FB0056FC11 /* Preview Content */ = {
			isa = PBXGroup;
			children = (
				A45635CE25D169FB0056FC11 /* Preview Assets.xcassets */,
			);
			path = "Preview Content";
			sourceTree = "<group>";
		};
		A45635E625D16A940056FC11 /* Frameworks */ = {
			isa = PBXGroup;
			children = (
			);
			name = Frameworks;
			sourceTree = "<group>";
		};
/* End PBXGroup section */

/* Begin PBXNativeTarget section */
		A45635C125D169F80056FC11 /* Examples */ = {
			isa = PBXNativeTarget;
			buildConfigurationList = A45635D625D169FB0056FC11 /* Build configuration list for PBXNativeTarget "Examples" */;
			buildPhases = (
				A45635BE25D169F80056FC11 /* Sources */,
				A45635BF25D169F80056FC11 /* Frameworks */,
				A45635C025D169F80056FC11 /* Resources */,
			);
			buildRules = (
			);
			dependencies = (
			);
			name = Examples;
			packageProductDependencies = (
				A45635E725D16A940056FC11 /* Unlocker */,
			);
			productName = Examples;
			productReference = A45635C225D169F80056FC11 /* Examples.app */;
			productType = "com.apple.product-type.application";
		};
/* End PBXNativeTarget section */

/* Begin PBXProject section */
		A45635BA25D169F80056FC11 /* Project object */ = {
			isa = PBXProject;
			attributes = {
				LastSwiftUpdateCheck = 1230;
				LastUpgradeCheck = 1230;
				TargetAttributes = {
					A45635C125D169F80056FC11 = {
						CreatedOnToolsVersion = 12.3;
					};
				};
			};
			buildConfigurationList = A45635BD25D169F80056FC11 /* Build configuration list for PBXProject "Examples" */;
			compatibilityVersion = "Xcode 9.3";
			developmentRegion = en;
			hasScannedForEncodings = 0;
			knownRegions = (
				en,
				Base,
			);
			mainGroup = A45635B925D169F80056FC11;
			productRefGroup = A45635C325D169F80056FC11 /* Products */;
			projectDirPath = "";
			projectRoot = "";
			targets = (
				A45635C125D169F80056FC11 /* Examples */,
			);
		};
/* End PBXProject section */

/* Begin PBXResourcesBuildPhase section */
		A45635C025D169F80056FC11 /* Resources */ = {
			isa = PBXResourcesBuildPhase;
			buildActionMask = 2147483647;
			files = (
				A45635D225D169FB0056FC11 /* LaunchScreen.storyboard in Resources */,
				A45635CF25D169FB0056FC11 /* Preview Assets.xcassets in Resources */,
				A45635CC25D169FB0056FC11 /* Assets.xcassets in Resources */,
			);
			runOnlyForDeploymentPostprocessing = 0;
		};
/* End PBXResourcesBuildPhase section */

/* Begin PBXSourcesBuildPhase section */
		A45635BE25D169F80056FC11 /* Sources */ = {
			isa = PBXSourcesBuildPhase;
			buildActionMask = 2147483647;
			files = (
				A45635DF25D16A280056FC11 /* Default.swift in Sources */,
				A45635C625D169F80056FC11 /* AppDelegate.swift in Sources */,
				A45635C825D169F80056FC11 /* SceneDelegate.swift in Sources */,
				A45635CA25D169F80056FC11 /* ContentView.swift in Sources */,
				A45635DE25D16A280056FC11 /* CapsuleShape.swift in Sources */,
				A45635E025D16A280056FC11 /* RoundedRect.swift in Sources */,
			);
			runOnlyForDeploymentPostprocessing = 0;
		};
/* End PBXSourcesBuildPhase section */

/* Begin PBXVariantGroup section */
		A45635D025D169FB0056FC11 /* LaunchScreen.storyboard */ = {
			isa = PBXVariantGroup;
			children = (
				A45635D125D169FB0056FC11 /* Base */,
			);
			name = LaunchScreen.storyboard;
			sourceTree = "<group>";
		};
/* End PBXVariantGroup section */

/* Begin XCBuildConfiguration section */
		A45635D425D169FB0056FC11 /* Debug */ = {
			isa = XCBuildConfiguration;
			buildSettings = {
				ALWAYS_SEARCH_USER_PATHS = NO;
				CLANG_ANALYZER_NONNULL = YES;
				CLANG_ANALYZER_NUMBER_OBJECT_CONVERSION = YES_AGGRESSIVE;
				CLANG_CXX_LANGUAGE_STANDARD = "gnu++14";
				CLANG_CXX_LIBRARY = "libc++";
				CLANG_ENABLE_MODULES = YES;
				CLANG_ENABLE_OBJC_ARC = YES;
				CLANG_ENABLE_OBJC_WEAK = YES;
				CLANG_WARN_BLOCK_CAPTURE_AUTORELEASING = YES;
				CLANG_WARN_BOOL_CONVERSION = YES;
				CLANG_WARN_COMMA = YES;
				CLANG_WARN_CONSTANT_CONVERSION = YES;
				CLANG_WARN_DEPRECATED_OBJC_IMPLEMENTATIONS = YES;
				CLANG_WARN_DIRECT_OBJC_ISA_USAGE = YES_ERROR;
				CLANG_WARN_DOCUMENTATION_COMMENTS = YES;
				CLANG_WARN_EMPTY_BODY = YES;
				CLANG_WARN_ENUM_CONVERSION = YES;
				CLANG_WARN_INFINITE_RECURSION = YES;
				CLANG_WARN_INT_CONVERSION = YES;
				CLANG_WARN_NON_LITERAL_NULL_CONVERSION = YES;
				CLANG_WARN_OBJC_IMPLICIT_RETAIN_SELF = YES;
				CLANG_WARN_OBJC_LITERAL_CONVERSION = YES;
				CLANG_WARN_OBJC_ROOT_CLASS = YES_ERROR;
				CLANG_WARN_QUOTED_INCLUDE_IN_FRAMEWORK_HEADER = YES;
				CLANG_WARN_RANGE_LOOP_ANALYSIS = YES;
				CLANG_WARN_STRICT_PROTOTYPES = YES;
				CLANG_WARN_SUSPICIOUS_MOVE = YES;
				CLANG_WARN_UNGUARDED_AVAILABILITY = YES_AGGRESSIVE;
				CLANG_WARN_UNREACHABLE_CODE = YES;
				CLANG_WARN__DUPLICATE_METHOD_MATCH = YES;
				COPY_PHASE_STRIP = NO;
				DEBUG_INFORMATION_FORMAT = dwarf;
				ENABLE_STRICT_OBJC_MSGSEND = YES;
				ENABLE_TESTABILITY = YES;
				GCC_C_LANGUAGE_STANDARD = gnu11;
				GCC_DYNAMIC_NO_PIC = NO;
				GCC_NO_COMMON_BLOCKS = YES;
				GCC_OPTIMIZATION_LEVEL = 0;
				GCC_PREPROCESSOR_DEFINITIONS = (
					"DEBUG=1",
					"$(inherited)",
				);
				GCC_WARN_64_TO_32_BIT_CONVERSION = YES;
				GCC_WARN_ABOUT_RETURN_TYPE = YES_ERROR;
				GCC_WARN_UNDECLARED_SELECTOR = YES;
				GCC_WARN_UNINITIALIZED_AUTOS = YES_AGGRESSIVE;
				GCC_WARN_UNUSED_FUNCTION = YES;
				GCC_WARN_UNUSED_VARIABLE = YES;
				IPHONEOS_DEPLOYMENT_TARGET = 14.3;
				MTL_ENABLE_DEBUG_INFO = INCLUDE_SOURCE;
				MTL_FAST_MATH = YES;
				ONLY_ACTIVE_ARCH = YES;
				SDKROOT = iphoneos;
				SWIFT_ACTIVE_COMPILATION_CONDITIONS = DEBUG;
				SWIFT_OPTIMIZATION_LEVEL = "-Onone";
			};
			name = Debug;
		};
		A45635D525D169FB0056FC11 /* Release */ = {
			isa = XCBuildConfiguration;
			buildSettings = {
				ALWAYS_SEARCH_USER_PATHS = NO;
				CLANG_ANALYZER_NONNULL = YES;
				CLANG_ANALYZER_NUMBER_OBJECT_CONVERSION = YES_AGGRESSIVE;
				CLANG_CXX_LANGUAGE_STANDARD = "gnu++14";
				CLANG_CXX_LIBRARY = "libc++";
				CLANG_ENABLE_MODULES = YES;
				CLANG_ENABLE_OBJC_ARC = YES;
				CLANG_ENABLE_OBJC_WEAK = YES;
				CLANG_WARN_BLOCK_CAPTURE_AUTORELEASING = YES;
				CLANG_WARN_BOOL_CONVERSION = YES;
				CLANG_WARN_COMMA = YES;
				CLANG_WARN_CONSTANT_CONVERSION = YES;
				CLANG_WARN_DEPRECATED_OBJC_IMPLEMENTATIONS = YES;
				CLANG_WARN_DIRECT_OBJC_ISA_USAGE = YES_ERROR;
				CLANG_WARN_DOCUMENTATION_COMMENTS = YES;
				CLANG_WARN_EMPTY_BODY = YES;
				CLANG_WARN_ENUM_CONVERSION = YES;
				CLANG_WARN_INFINITE_RECURSION = YES;
				CLANG_WARN_INT_CONVERSION = YES;
				CLANG_WARN_NON_LITERAL_NULL_CONVERSION = YES;
				CLANG_WARN_OBJC_IMPLICIT_RETAIN_SELF = YES;
				CLANG_WARN_OBJC_LITERAL_CONVERSION = YES;
				CLANG_WARN_OBJC_ROOT_CLASS = YES_ERROR;
				CLANG_WARN_QUOTED_INCLUDE_IN_FRAMEWORK_HEADER = YES;
				CLANG_WARN_RANGE_LOOP_ANALYSIS = YES;
				CLANG_WARN_STRICT_PROTOTYPES = YES;
				CLANG_WARN_SUSPICIOUS_MOVE = YES;
				CLANG_WARN_UNGUARDED_AVAILABILITY = YES_AGGRESSIVE;
				CLANG_WARN_UNREACHABLE_CODE = YES;
				CLANG_WARN__DUPLICATE_METHOD_MATCH = YES;
				COPY_PHASE_STRIP = NO;
				DEBUG_INFORMATION_FORMAT = "dwarf-with-dsym";
				ENABLE_NS_ASSERTIONS = NO;
				ENABLE_STRICT_OBJC_MSGSEND = YES;
				GCC_C_LANGUAGE_STANDARD = gnu11;
				GCC_NO_COMMON_BLOCKS = YES;
				GCC_WARN_64_TO_32_BIT_CONVERSION = YES;
				GCC_WARN_ABOUT_RETURN_TYPE = YES_ERROR;
				GCC_WARN_UNDECLARED_SELECTOR = YES;
				GCC_WARN_UNINITIALIZED_AUTOS = YES_AGGRESSIVE;
				GCC_WARN_UNUSED_FUNCTION = YES;
				GCC_WARN_UNUSED_VARIABLE = YES;
				IPHONEOS_DEPLOYMENT_TARGET = 14.3;
				MTL_ENABLE_DEBUG_INFO = NO;
				MTL_FAST_MATH = YES;
				SDKROOT = iphoneos;
				SWIFT_COMPILATION_MODE = wholemodule;
				SWIFT_OPTIMIZATION_LEVEL = "-O";
				VALIDATE_PRODUCT = YES;
			};
			name = Release;
		};
		A45635D725D169FB0056FC11 /* Debug */ = {
			isa = XCBuildConfiguration;
			buildSettings = {
				ASSETCATALOG_COMPILER_APPICON_NAME = AppIcon;
				ASSETCATALOG_COMPILER_GLOBAL_ACCENT_COLOR_NAME = AccentColor;
				CODE_SIGN_STYLE = Automatic;
				DEVELOPMENT_ASSET_PATHS = "\"Examples/Preview Content\"";
				DEVELOPMENT_TEAM = 6U769Q36UT;
				ENABLE_PREVIEWS = YES;
				INFOPLIST_FILE = Examples/Info.plist;
				IPHONEOS_DEPLOYMENT_TARGET = 13.0;
				LD_RUNPATH_SEARCH_PATHS = (
					"$(inherited)",
					"@executable_path/Frameworks",
				);
				PRODUCT_BUNDLE_IDENTIFIER = net.aaronlab.examples;
				PRODUCT_NAME = "$(TARGET_NAME)";
				SWIFT_VERSION = 5.0;
				TARGETED_DEVICE_FAMILY = 1;
			};
			name = Debug;
		};
		A45635D825D169FB0056FC11 /* Release */ = {
			isa = XCBuildConfiguration;
			buildSettings = {
				ASSETCATALOG_COMPILER_APPICON_NAME = AppIcon;
				ASSETCATALOG_COMPILER_GLOBAL_ACCENT_COLOR_NAME = AccentColor;
				CODE_SIGN_STYLE = Automatic;
				DEVELOPMENT_ASSET_PATHS = "\"Examples/Preview Content\"";
				DEVELOPMENT_TEAM = 6U769Q36UT;
				ENABLE_PREVIEWS = YES;
				INFOPLIST_FILE = Examples/Info.plist;
				IPHONEOS_DEPLOYMENT_TARGET = 13.0;
				LD_RUNPATH_SEARCH_PATHS = (
					"$(inherited)",
					"@executable_path/Frameworks",
				);
				PRODUCT_BUNDLE_IDENTIFIER = net.aaronlab.examples;
				PRODUCT_NAME = "$(TARGET_NAME)";
				SWIFT_VERSION = 5.0;
				TARGETED_DEVICE_FAMILY = 1;
			};
			name = Release;
		};
/* End XCBuildConfiguration section */

/* Begin XCConfigurationList section */
		A45635BD25D169F80056FC11 /* Build configuration list for PBXProject "Examples" */ = {
			isa = XCConfigurationList;
			buildConfigurations = (
				A45635D425D169FB0056FC11 /* Debug */,
				A45635D525D169FB0056FC11 /* Release */,
			);
			defaultConfigurationIsVisible = 0;
			defaultConfigurationName = Release;
		};
		A45635D625D169FB0056FC11 /* Build configuration list for PBXNativeTarget "Examples" */ = {
			isa = XCConfigurationList;
			buildConfigurations = (
				A45635D725D169FB0056FC11 /* Debug */,
				A45635D825D169FB0056FC11 /* Release */,
			);
			defaultConfigurationIsVisible = 0;
			defaultConfigurationName = Release;
		};
/* End XCConfigurationList section */

/* Begin XCSwiftPackageProductDependency section */
		A45635E725D16A940056FC11 /* Unlocker */ = {
			isa = XCSwiftPackageProductDependency;
			productName = Unlocker;
		};
/* End XCSwiftPackageProductDependency section */
	};
	rootObject = A45635BA25D169F80056FC11 /* Project object */;
}
